<?xml version="1.0" encoding="utf-8"?>
<Project ToolsVersion="4.0" xmlns="http://schemas.microsoft.com/developer/msbuild/2003">
  <ItemGroup>
    <ClCompile Include="source\main.cpp" />
    <ClCompile Include="source\shell\shell.cpp" />
    <ClCompile Include="source\server\protocol\datatype.cpp" />
  </ItemGroup>
  <ItemGroup>
    <ClInclude Include="source\shell\shell.h" />
    <ClInclude Include="source\server\protocol\packet.h" />
    <ClInclude Include="source\server\protocol\datatype.h" />
  </ItemGroup>
</Project>